# THIS IS AN AUTOGENERATED FILE. DO NOT EDIT THIS FILE DIRECTLY.
# yarn lockfile v1


argparse@^1.0.7:
  version "1.0.9"
  resolved "https://registry.yarnpkg.com/argparse/-/argparse-1.0.9.tgz#73d83bc263f86e97f8cc4f6bae1b0e90a7d22c86"
  dependencies:
    sprintf-js "~1.0.2"

esprima@^4.0.0:
  version "4.0.0"
  resolved "https://registry.yarnpkg.com/esprima/-/esprima-4.0.0.tgz#4499eddcd1110e0b218bacf2fa7f7f59f55ca804"

js-yaml@^3.13.1:
  version "3.13.1"
  resolved "https://registry.yarnpkg.com/js-yaml/-/js-yaml-3.13.1.tgz#aff151b30bfdfa8e49e05da22e7415e9dfa37847"
  integrity sha512-YfbcO7jXDdyj0DGxYVSlSeQNHbD7XPWvrVWeVUujrQEoZzWJIRrCPoyk6kL6IAjAG2IolMK4T0hNUe0HOUs5Jw==
  dependencies:
    argparse "^1.0.7"
    esprima "^4.0.0"

kaitai-struct-compiler@^0.9.0:
  version "0.9.0"
  resolved "https://registry.yarnpkg.com/kaitai-struct-compiler/-/kaitai-struct-compiler-0.9.0.tgz#90ff9cd0f0ea0ec4f8532de2ca1e2439df6999be"
  integrity sha512-KA1rRv6FjUl/J8UfLhpvgtG3UGx6mDh6/Q1uC+/CSr3RsK4ejvDehY59DjQSNF3iNtzHo6kvptoa9XmUD3gIrg==

kaitai-struct@^0.9.0:
  version "0.9.0"
  resolved "https://registry.yarnpkg.com/kaitai-struct/-/kaitai-struct-0.9.0.tgz#07264320f7aa4fa4c9d6b261495f483ab1af569b"
  integrity sha512-mfoBu9+IGqaY3ykG1TyAy9omOAZWtheqESQOvo/HKIQVTz+gRPVCNBnhjbO+8wAQ77RD33wYvLBWmITuXIviQg==

sprintf-js@~1.0.2:
  version "1.0.3"
  resolved "https://registry.yarnpkg.com/sprintf-js/-/sprintf-js-1.0.3.tgz#04e6926f662895354f3dd015203633b857297e2c"
